// !$*UTF8*$!
{
	archiveVersion = 1;
	classes = {
	};
	objectVersion = 46;
	objects = {

/* Begin PBXBuildFile section */
		607FACD61AFB9204008FA782 /* AppDelegate.swift in Sources */ = {isa = PBXBuildFile; fileRef = 607FACD51AFB9204008FA782 /* AppDelegate.swift */; };
		607FACDB1AFB9204008FA782 /* Main.storyboard in Resources */ = {isa = PBXBuildFile; fileRef = 607FACD91AFB9204008FA782 /* Main.storyboard */; };
		607FACDD1AFB9204008FA782 /* Images.xcassets in Resources */ = {isa = PBXBuildFile; fileRef = 607FACDC1AFB9204008FA782 /* Images.xcassets */; };
		607FACE01AFB9204008FA782 /* LaunchScreen.xib in Resources */ = {isa = PBXBuildFile; fileRef = 607FACDE1AFB9204008FA782 /* LaunchScreen.xib */; };
		607FACEC1AFB9204008FA782 /* Tests.swift in Sources */ = {isa = PBXBuildFile; fileRef = 607FACEB1AFB9204008FA782 /* Tests.swift */; };
		C2E70C84CC3B13E50153265F /* Pods_Gemini_Example.framework in Frameworks */ = {isa = PBXBuildFile; fileRef = 0A0CFC5AA4AA6E6F0B0FB5B1 /* Pods_Gemini_Example.framework */; };
		E0F588601F09437F006266A3 /* ImageCollectionViewCell.swift in Sources */ = {isa = PBXBuildFile; fileRef = E0F5885B1F09437F006266A3 /* ImageCollectionViewCell.swift */; };
		E0F588611F09437F006266A3 /* ImageCollectionViewCell.xib in Resources */ = {isa = PBXBuildFile; fileRef = E0F5885C1F09437F006266A3 /* ImageCollectionViewCell.xib */; };
		E0F588621F09437F006266A3 /* PlayerCollectionViewCell.swift in Sources */ = {isa = PBXBuildFile; fileRef = E0F5885D1F09437F006266A3 /* PlayerCollectionViewCell.swift */; };
		E0F588631F09437F006266A3 /* PlayerCollectionViewCell.xib in Resources */ = {isa = PBXBuildFile; fileRef = E0F5885E1F09437F006266A3 /* PlayerCollectionViewCell.xib */; };
		E0F588641F09437F006266A3 /* PlayerView.swift in Sources */ = {isa = PBXBuildFile; fileRef = E0F5885F1F09437F006266A3 /* PlayerView.swift */; };
		E0F588761F0943F2006266A3 /* AnimationListViewController.storyboard in Resources */ = {isa = PBXBuildFile; fileRef = E0F588661F0943F2006266A3 /* AnimationListViewController.storyboard */; };
		E0F588771F0943F2006266A3 /* AnimationListViewController.swift in Sources */ = {isa = PBXBuildFile; fileRef = E0F588671F0943F2006266A3 /* AnimationListViewController.swift */; };
		E0F588781F0943F2006266A3 /* CircleRotationViewController.storyboard in Resources */ = {isa = PBXBuildFile; fileRef = E0F588681F0943F2006266A3 /* CircleRotationViewController.storyboard */; };
		E0F588791F0943F2006266A3 /* CircleRotationViewController.swift in Sources */ = {isa = PBXBuildFile; fileRef = E0F588691F0943F2006266A3 /* CircleRotationViewController.swift */; };
		E0F5887A1F0943F2006266A3 /* CubeViewController.storyboard in Resources */ = {isa = PBXBuildFile; fileRef = E0F5886A1F0943F2006266A3 /* CubeViewController.storyboard */; };
		E0F5887B1F0943F2006266A3 /* CubeViewController.swift in Sources */ = {isa = PBXBuildFile; fileRef = E0F5886B1F0943F2006266A3 /* CubeViewController.swift */; };
		E0F5887C1F0943F2006266A3 /* CustomAnimationViewController.storyboard in Resources */ = {isa = PBXBuildFile; fileRef = E0F5886C1F0943F2006266A3 /* CustomAnimationViewController.storyboard */; };
		E0F5887D1F0943F2006266A3 /* CustomAnimationViewController.swift in Sources */ = {isa = PBXBuildFile; fileRef = E0F5886D1F0943F2006266A3 /* CustomAnimationViewController.swift */; };
		E0F5887E1F0943F2006266A3 /* PitchRotationViewController.storyboard in Resources */ = {isa = PBXBuildFile; fileRef = E0F5886E1F0943F2006266A3 /* PitchRotationViewController.storyboard */; };
		E0F5887F1F0943F2006266A3 /* PitchRotationViewController.swift in Sources */ = {isa = PBXBuildFile; fileRef = E0F5886F1F0943F2006266A3 /* PitchRotationViewController.swift */; };
		E0F588801F0943F2006266A3 /* RollRotationViewController.storyboard in Resources */ = {isa = PBXBuildFile; fileRef = E0F588701F0943F2006266A3 /* RollRotationViewController.storyboard */; };
		E0F588811F0943F2006266A3 /* RollRotationViewController.swift in Sources */ = {isa = PBXBuildFile; fileRef = E0F588711F0943F2006266A3 /* RollRotationViewController.swift */; };
		E0F588821F0943F2006266A3 /* ScaleAnimationViewController.storyboard in Resources */ = {isa = PBXBuildFile; fileRef = E0F588721F0943F2006266A3 /* ScaleAnimationViewController.storyboard */; };
		E0F588831F0943F2006266A3 /* ScaleAnimationViewController.swift in Sources */ = {isa = PBXBuildFile; fileRef = E0F588731F0943F2006266A3 /* ScaleAnimationViewController.swift */; };
		E0F588841F0943F2006266A3 /* YawRotationViewController.storyboard in Resources */ = {isa = PBXBuildFile; fileRef = E0F588741F0943F2006266A3 /* YawRotationViewController.storyboard */; };
		E0F588851F0943F2006266A3 /* YawRotationViewController.swift in Sources */ = {isa = PBXBuildFile; fileRef = E0F588751F0943F2006266A3 /* YawRotationViewController.swift */; };
		E0F588871F094421006266A3 /* UICollectionViewPagingFlowLayout.swift in Sources */ = {isa = PBXBuildFile; fileRef = E0F588861F094421006266A3 /* UICollectionViewPagingFlowLayout.swift */; };
		E0F5888A1F09445E006266A3 /* ResourceModel.swift in Sources */ = {isa = PBXBuildFile; fileRef = E0F588891F09445E006266A3 /* ResourceModel.swift */; };
/* End PBXBuildFile section */

/* Begin PBXContainerItemProxy section */
		607FACE61AFB9204008FA782 /* PBXContainerItemProxy */ = {
			isa = PBXContainerItemProxy;
			containerPortal = 607FACC81AFB9204008FA782 /* Project object */;
			proxyType = 1;
			remoteGlobalIDString = 607FACCF1AFB9204008FA782;
			remoteInfo = Gemini;
		};
/* End PBXContainerItemProxy section */

/* Begin PBXFileReference section */
		08DA9BDD6A7F0CCDCC751C2A /* LICENSE */ = {isa = PBXFileReference; includeInIndex = 1; lastKnownFileType = text; name = LICENSE; path = ../LICENSE; sourceTree = "<group>"; };
		0A0CFC5AA4AA6E6F0B0FB5B1 /* Pods_Gemini_Example.framework */ = {isa = PBXFileReference; explicitFileType = wrapper.framework; includeInIndex = 0; path = Pods_Gemini_Example.framework; sourceTree = BUILT_PRODUCTS_DIR; };
		607FACD01AFB9204008FA782 /* Gemini_Example.app */ = {isa = PBXFileReference; explicitFileType = wrapper.application; includeInIndex = 0; path = Gemini_Example.app; sourceTree = BUILT_PRODUCTS_DIR; };
		607FACD41AFB9204008FA782 /* Info.plist */ = {isa = PBXFileReference; lastKnownFileType = text.plist.xml; path = Info.plist; sourceTree = "<group>"; };
		607FACD51AFB9204008FA782 /* AppDelegate.swift */ = {isa = PBXFileReference; lastKnownFileType = sourcecode.swift; path = AppDelegate.swift; sourceTree = "<group>"; };
		607FACDA1AFB9204008FA782 /* Base */ = {isa = PBXFileReference; lastKnownFileType = file.storyboard; name = Base; path = Base.lproj/Main.storyboard; sourceTree = "<group>"; };
		607FACDC1AFB9204008FA782 /* Images.xcassets */ = {isa = PBXFileReference; lastKnownFileType = folder.assetcatalog; path = Images.xcassets; sourceTree = "<group>"; };
		607FACDF1AFB9204008FA782 /* Base */ = {isa = PBXFileReference; lastKnownFileType = file.xib; name = Base; path = Base.lproj/LaunchScreen.xib; sourceTree = "<group>"; };
		607FACE51AFB9204008FA782 /* Gemini_Tests.xctest */ = {isa = PBXFileReference; explicitFileType = wrapper.cfbundle; includeInIndex = 0; path = Gemini_Tests.xctest; sourceTree = BUILT_PRODUCTS_DIR; };
		607FACEA1AFB9204008FA782 /* Info.plist */ = {isa = PBXFileReference; lastKnownFileType = text.plist.xml; path = Info.plist; sourceTree = "<group>"; };
		607FACEB1AFB9204008FA782 /* Tests.swift */ = {isa = PBXFileReference; lastKnownFileType = sourcecode.swift; path = Tests.swift; sourceTree = "<group>"; };
		B07118E391269AB9152C5314 /* Pods-Gemini_Example.debug.xcconfig */ = {isa = PBXFileReference; includeInIndex = 1; lastKnownFileType = text.xcconfig; name = "Pods-Gemini_Example.debug.xcconfig"; path = "Pods/Target Support Files/Pods-Gemini_Example/Pods-Gemini_Example.debug.xcconfig"; sourceTree = "<group>"; };
		C4918BBF4257A288EDE080AB /* Pods-Gemini_Example.release.xcconfig */ = {isa = PBXFileReference; includeInIndex = 1; lastKnownFileType = text.xcconfig; name = "Pods-Gemini_Example.release.xcconfig"; path = "Pods/Target Support Files/Pods-Gemini_Example/Pods-Gemini_Example.release.xcconfig"; sourceTree = "<group>"; };
		C50DF28739E7E8D79611E88C /* Pods_Gemini_Tests.framework */ = {isa = PBXFileReference; explicitFileType = wrapper.framework; includeInIndex = 0; path = Pods_Gemini_Tests.framework; sourceTree = BUILT_PRODUCTS_DIR; };
		E0F5885B1F09437F006266A3 /* ImageCollectionViewCell.swift */ = {isa = PBXFileReference; fileEncoding = 4; lastKnownFileType = sourcecode.swift; path = ImageCollectionViewCell.swift; sourceTree = "<group>"; };
		E0F5885C1F09437F006266A3 /* ImageCollectionViewCell.xib */ = {isa = PBXFileReference; fileEncoding = 4; lastKnownFileType = file.xib; path = ImageCollectionViewCell.xib; sourceTree = "<group>"; };
		E0F5885D1F09437F006266A3 /* PlayerCollectionViewCell.swift */ = {isa = PBXFileReference; fileEncoding = 4; lastKnownFileType = sourcecode.swift; path = PlayerCollectionViewCell.swift; sourceTree = "<group>"; };
		E0F5885E1F09437F006266A3 /* PlayerCollectionViewCell.xib */ = {isa = PBXFileReference; fileEncoding = 4; lastKnownFileType = file.xib; path = PlayerCollectionViewCell.xib; sourceTree = "<group>"; };
		E0F5885F1F09437F006266A3 /* PlayerView.swift */ = {isa = PBXFileReference; fileEncoding = 4; lastKnownFileType = sourcecode.swift; path = PlayerView.swift; sourceTree = "<group>"; };
		E0F588661F0943F2006266A3 /* AnimationListViewController.storyboard */ = {isa = PBXFileReference; fileEncoding = 4; lastKnownFileType = file.storyboard; name = AnimationListViewController.storyboard; path = ViewControllers/AnimationListViewController.storyboard; sourceTree = "<group>"; };
		E0F588671F0943F2006266A3 /* AnimationListViewController.swift */ = {isa = PBXFileReference; fileEncoding = 4; lastKnownFileType = sourcecode.swift; name = AnimationListViewController.swift; path = ViewControllers/AnimationListViewController.swift; sourceTree = "<group>"; };
		E0F588681F0943F2006266A3 /* CircleRotationViewController.storyboard */ = {isa = PBXFileReference; fileEncoding = 4; lastKnownFileType = file.storyboard; name = CircleRotationViewController.storyboard; path = ViewControllers/CircleRotationViewController.storyboard; sourceTree = "<group>"; };
		E0F588691F0943F2006266A3 /* CircleRotationViewController.swift */ = {isa = PBXFileReference; fileEncoding = 4; lastKnownFileType = sourcecode.swift; name = CircleRotationViewController.swift; path = ViewControllers/CircleRotationViewController.swift; sourceTree = "<group>"; };
		E0F5886A1F0943F2006266A3 /* CubeViewController.storyboard */ = {isa = PBXFileReference; fileEncoding = 4; lastKnownFileType = file.storyboard; name = CubeViewController.storyboard; path = ViewControllers/CubeViewController.storyboard; sourceTree = "<group>"; };
		E0F5886B1F0943F2006266A3 /* CubeViewController.swift */ = {isa = PBXFileReference; fileEncoding = 4; lastKnownFileType = sourcecode.swift; name = CubeViewController.swift; path = ViewControllers/CubeViewController.swift; sourceTree = "<group>"; };
		E0F5886C1F0943F2006266A3 /* CustomAnimationViewController.storyboard */ = {isa = PBXFileReference; fileEncoding = 4; lastKnownFileType = file.storyboard; name = CustomAnimationViewController.storyboard; path = ViewControllers/CustomAnimationViewController.storyboard; sourceTree = "<group>"; };
		E0F5886D1F0943F2006266A3 /* CustomAnimationViewController.swift */ = {isa = PBXFileReference; fileEncoding = 4; lastKnownFileType = sourcecode.swift; name = CustomAnimationViewController.swift; path = ViewControllers/CustomAnimationViewController.swift; sourceTree = "<group>"; };
		E0F5886E1F0943F2006266A3 /* PitchRotationViewController.storyboard */ = {isa = PBXFileReference; fileEncoding = 4; lastKnownFileType = file.storyboard; name = PitchRotationViewController.storyboard; path = ViewControllers/PitchRotationViewController.storyboard; sourceTree = "<group>"; };
		E0F5886F1F0943F2006266A3 /* PitchRotationViewController.swift */ = {isa = PBXFileReference; fileEncoding = 4; lastKnownFileType = sourcecode.swift; name = PitchRotationViewController.swift; path = ViewControllers/PitchRotationViewController.swift; sourceTree = "<group>"; };
		E0F588701F0943F2006266A3 /* RollRotationViewController.storyboard */ = {isa = PBXFileReference; fileEncoding = 4; lastKnownFileType = file.storyboard; name = RollRotationViewController.storyboard; path = ViewControllers/RollRotationViewController.storyboard; sourceTree = "<group>"; };
		E0F588711F0943F2006266A3 /* RollRotationViewController.swift */ = {isa = PBXFileReference; fileEncoding = 4; lastKnownFileType = sourcecode.swift; name = RollRotationViewController.swift; path = ViewControllers/RollRotationViewController.swift; sourceTree = "<group>"; };
		E0F588721F0943F2006266A3 /* ScaleAnimationViewController.storyboard */ = {isa = PBXFileReference; fileEncoding = 4; lastKnownFileType = file.storyboard; name = ScaleAnimationViewController.storyboard; path = ViewControllers/ScaleAnimationViewController.storyboard; sourceTree = "<group>"; };
		E0F588731F0943F2006266A3 /* ScaleAnimationViewController.swift */ = {isa = PBXFileReference; fileEncoding = 4; lastKnownFileType = sourcecode.swift; name = ScaleAnimationViewController.swift; path = ViewControllers/ScaleAnimationViewController.swift; sourceTree = "<group>"; };
		E0F588741F0943F2006266A3 /* YawRotationViewController.storyboard */ = {isa = PBXFileReference; fileEncoding = 4; lastKnownFileType = file.storyboard; name = YawRotationViewController.storyboard; path = ViewControllers/YawRotationViewController.storyboard; sourceTree = "<group>"; };
		E0F588751F0943F2006266A3 /* YawRotationViewController.swift */ = {isa = PBXFileReference; fileEncoding = 4; lastKnownFileType = sourcecode.swift; name = YawRotationViewController.swift; path = ViewControllers/YawRotationViewController.swift; sourceTree = "<group>"; };
		E0F588861F094421006266A3 /* UICollectionViewPagingFlowLayout.swift */ = {isa = PBXFileReference; fileEncoding = 4; lastKnownFileType = sourcecode.swift; path = UICollectionViewPagingFlowLayout.swift; sourceTree = "<group>"; };
		E0F588891F09445E006266A3 /* ResourceModel.swift */ = {isa = PBXFileReference; fileEncoding = 4; lastKnownFileType = sourcecode.swift; path = ResourceModel.swift; sourceTree = "<group>"; };
		EEF2A7CE866B6998F9834652 /* README.md */ = {isa = PBXFileReference; includeInIndex = 1; lastKnownFileType = net.daringfireball.markdown; name = README.md; path = ../README.md; sourceTree = "<group>"; };
		F49B6109CEDA4448DCC7EEBF /* Gemini.podspec */ = {isa = PBXFileReference; includeInIndex = 1; lastKnownFileType = text; name = Gemini.podspec; path = ../Gemini.podspec; sourceTree = "<group>"; };
/* End PBXFileReference section */

/* Begin PBXFrameworksBuildPhase section */
		607FACCD1AFB9204008FA782 /* Frameworks */ = {
			isa = PBXFrameworksBuildPhase;
			buildActionMask = 2147483647;
			files = (
				C2E70C84CC3B13E50153265F /* Pods_Gemini_Example.framework in Frameworks */,
			);
			runOnlyForDeploymentPostprocessing = 0;
		};
		607FACE21AFB9204008FA782 /* Frameworks */ = {
			isa = PBXFrameworksBuildPhase;
			buildActionMask = 2147483647;
			files = (
			);
			runOnlyForDeploymentPostprocessing = 0;
		};
/* End PBXFrameworksBuildPhase section */

/* Begin PBXGroup section */
		3973392BE0BC0F55C8C774D7 /* Frameworks */ = {
			isa = PBXGroup;
			children = (
				0A0CFC5AA4AA6E6F0B0FB5B1 /* Pods_Gemini_Example.framework */,
				C50DF28739E7E8D79611E88C /* Pods_Gemini_Tests.framework */,
			);
			name = Frameworks;
			sourceTree = "<group>";
		};
		607FACC71AFB9204008FA782 = {
			isa = PBXGroup;
			children = (
				607FACF51AFB993E008FA782 /* Podspec Metadata */,
				607FACD21AFB9204008FA782 /* Example for Gemini */,
				607FACE81AFB9204008FA782 /* Tests */,
				607FACD11AFB9204008FA782 /* Products */,
				986E4A6CE8DBB522C4173D20 /* Pods */,
				3973392BE0BC0F55C8C774D7 /* Frameworks */,
			);
			sourceTree = "<group>";
		};
		607FACD11AFB9204008FA782 /* Products */ = {
			isa = PBXGroup;
			children = (
				607FACD01AFB9204008FA782 /* Gemini_Example.app */,
				607FACE51AFB9204008FA782 /* Gemini_Tests.xctest */,
			);
			name = Products;
			sourceTree = "<group>";
		};
		607FACD21AFB9204008FA782 /* Example for Gemini */ = {
			isa = PBXGroup;
			children = (
				E0F588651F094395006266A3 /* ViewControllers */,
				E0F5885A1F094336006266A3 /* Views */,
				E0F588881F094439006266A3 /* Model */,
				607FACD51AFB9204008FA782 /* AppDelegate.swift */,
				607FACD91AFB9204008FA782 /* Main.storyboard */,
				607FACDC1AFB9204008FA782 /* Images.xcassets */,
				607FACDE1AFB9204008FA782 /* LaunchScreen.xib */,
				607FACD31AFB9204008FA782 /* Supporting Files */,
			);
			name = "Example for Gemini";
			path = Gemini;
			sourceTree = "<group>";
		};
		607FACD31AFB9204008FA782 /* Supporting Files */ = {
			isa = PBXGroup;
			children = (
				607FACD41AFB9204008FA782 /* Info.plist */,
			);
			name = "Supporting Files";
			sourceTree = "<group>";
		};
		607FACE81AFB9204008FA782 /* Tests */ = {
			isa = PBXGroup;
			children = (
				607FACEB1AFB9204008FA782 /* Tests.swift */,
				607FACE91AFB9204008FA782 /* Supporting Files */,
			);
			path = Tests;
			sourceTree = "<group>";
		};
		607FACE91AFB9204008FA782 /* Supporting Files */ = {
			isa = PBXGroup;
			children = (
				607FACEA1AFB9204008FA782 /* Info.plist */,
			);
			name = "Supporting Files";
			sourceTree = "<group>";
		};
		607FACF51AFB993E008FA782 /* Podspec Metadata */ = {
			isa = PBXGroup;
			children = (
				F49B6109CEDA4448DCC7EEBF /* Gemini.podspec */,
				EEF2A7CE866B6998F9834652 /* README.md */,
				08DA9BDD6A7F0CCDCC751C2A /* LICENSE */,
			);
			name = "Podspec Metadata";
			sourceTree = "<group>";
		};
		986E4A6CE8DBB522C4173D20 /* Pods */ = {
			isa = PBXGroup;
			children = (
				B07118E391269AB9152C5314 /* Pods-Gemini_Example.debug.xcconfig */,
				C4918BBF4257A288EDE080AB /* Pods-Gemini_Example.release.xcconfig */,
			);
			name = Pods;
			sourceTree = "<group>";
		};
		E0F5885A1F094336006266A3 /* Views */ = {
			isa = PBXGroup;
			children = (
				E0F5885B1F09437F006266A3 /* ImageCollectionViewCell.swift */,
				E0F5885C1F09437F006266A3 /* ImageCollectionViewCell.xib */,
				E0F5885D1F09437F006266A3 /* PlayerCollectionViewCell.swift */,
				E0F5885E1F09437F006266A3 /* PlayerCollectionViewCell.xib */,
				E0F5885F1F09437F006266A3 /* PlayerView.swift */,
				E0F588861F094421006266A3 /* UICollectionViewPagingFlowLayout.swift */,
			);
			path = Views;
			sourceTree = "<group>";
		};
		E0F588651F094395006266A3 /* ViewControllers */ = {
			isa = PBXGroup;
			children = (
				E0F588661F0943F2006266A3 /* AnimationListViewController.storyboard */,
				E0F588671F0943F2006266A3 /* AnimationListViewController.swift */,
				E0F588681F0943F2006266A3 /* CircleRotationViewController.storyboard */,
				E0F588691F0943F2006266A3 /* CircleRotationViewController.swift */,
				E0F5886A1F0943F2006266A3 /* CubeViewController.storyboard */,
				E0F5886B1F0943F2006266A3 /* CubeViewController.swift */,
				E0F5886C1F0943F2006266A3 /* CustomAnimationViewController.storyboard */,
				E0F5886D1F0943F2006266A3 /* CustomAnimationViewController.swift */,
				E0F5886E1F0943F2006266A3 /* PitchRotationViewController.storyboard */,
				E0F5886F1F0943F2006266A3 /* PitchRotationViewController.swift */,
				E0F588701F0943F2006266A3 /* RollRotationViewController.storyboard */,
				E0F588711F0943F2006266A3 /* RollRotationViewController.swift */,
				E0F588721F0943F2006266A3 /* ScaleAnimationViewController.storyboard */,
				E0F588731F0943F2006266A3 /* ScaleAnimationViewController.swift */,
				E0F588741F0943F2006266A3 /* YawRotationViewController.storyboard */,
				E0F588751F0943F2006266A3 /* YawRotationViewController.swift */,
			);
			name = ViewControllers;
			sourceTree = "<group>";
		};
		E0F588881F094439006266A3 /* Model */ = {
			isa = PBXGroup;
			children = (
				E0F588891F09445E006266A3 /* ResourceModel.swift */,
			);
			path = Model;
			sourceTree = "<group>";
		};
/* End PBXGroup section */

/* Begin PBXNativeTarget section */
		607FACCF1AFB9204008FA782 /* Gemini_Example */ = {
			isa = PBXNativeTarget;
			buildConfigurationList = 607FACEF1AFB9204008FA782 /* Build configuration list for PBXNativeTarget "Gemini_Example" */;
			buildPhases = (
				28CA045CC1EC59C71A9D34DF /* [CP] Check Pods Manifest.lock */,
				607FACCC1AFB9204008FA782 /* Sources */,
				607FACCD1AFB9204008FA782 /* Frameworks */,
				607FACCE1AFB9204008FA782 /* Resources */,
				922C5D12B31DFD2DA2DEC1D8 /* [CP] Embed Pods Frameworks */,
				712176B1A6C30BC734868517 /* [CP] Copy Pods Resources */,
			);
			buildRules = (
			);
			dependencies = (
			);
			name = Gemini_Example;
			productName = Gemini;
			productReference = 607FACD01AFB9204008FA782 /* Gemini_Example.app */;
			productType = "com.apple.product-type.application";
		};
		607FACE41AFB9204008FA782 /* Gemini_Tests */ = {
			isa = PBXNativeTarget;
			buildConfigurationList = 607FACF21AFB9204008FA782 /* Build configuration list for PBXNativeTarget "Gemini_Tests" */;
			buildPhases = (
				607FACE11AFB9204008FA782 /* Sources */,
				607FACE21AFB9204008FA782 /* Frameworks */,
				607FACE31AFB9204008FA782 /* Resources */,
			);
			buildRules = (
			);
			dependencies = (
				607FACE71AFB9204008FA782 /* PBXTargetDependency */,
			);
			name = Gemini_Tests;
			productName = Tests;
			productReference = 607FACE51AFB9204008FA782 /* Gemini_Tests.xctest */;
			productType = "com.apple.product-type.bundle.unit-test";
		};
/* End PBXNativeTarget section */

/* Begin PBXProject section */
		607FACC81AFB9204008FA782 /* Project object */ = {
			isa = PBXProject;
			attributes = {
				LastSwiftUpdateCheck = 0720;
				LastUpgradeCheck = 0900;
				ORGANIZATIONNAME = CocoaPods;
				TargetAttributes = {
					607FACCF1AFB9204008FA782 = {
						CreatedOnToolsVersion = 6.3.1;
						LastSwiftMigration = 0900;
					};
					607FACE41AFB9204008FA782 = {
						CreatedOnToolsVersion = 6.3.1;
						LastSwiftMigration = 0900;
						ProvisioningStyle = Automatic;
						TestTargetID = 607FACCF1AFB9204008FA782;
					};
				};
			};
			buildConfigurationList = 607FACCB1AFB9204008FA782 /* Build configuration list for PBXProject "Gemini" */;
			compatibilityVersion = "Xcode 3.2";
			developmentRegion = English;
			hasScannedForEncodings = 0;
			knownRegions = (
				en,
				Base,
			);
			mainGroup = 607FACC71AFB9204008FA782;
			productRefGroup = 607FACD11AFB9204008FA782 /* Products */;
			projectDirPath = "";
			projectRoot = "";
			targets = (
				607FACCF1AFB9204008FA782 /* Gemini_Example */,
				607FACE41AFB9204008FA782 /* Gemini_Tests */,
			);
		};
/* End PBXProject section */

/* Begin PBXResourcesBuildPhase section */
		607FACCE1AFB9204008FA782 /* Resources */ = {
			isa = PBXResourcesBuildPhase;
			buildActionMask = 2147483647;
			files = (
				E0F5887E1F0943F2006266A3 /* PitchRotationViewController.storyboard in Resources */,
				607FACDB1AFB9204008FA782 /* Main.storyboard in Resources */,
				607FACE01AFB9204008FA782 /* LaunchScreen.xib in Resources */,
				E0F588781F0943F2006266A3 /* CircleRotationViewController.storyboard in Resources */,
				E0F588841F0943F2006266A3 /* YawRotationViewController.storyboard in Resources */,
				E0F588611F09437F006266A3 /* ImageCollectionViewCell.xib in Resources */,
				E0F588761F0943F2006266A3 /* AnimationListViewController.storyboard in Resources */,
				E0F588801F0943F2006266A3 /* RollRotationViewController.storyboard in Resources */,
				E0F5887C1F0943F2006266A3 /* CustomAnimationViewController.storyboard in Resources */,
				E0F588631F09437F006266A3 /* PlayerCollectionViewCell.xib in Resources */,
				E0F588821F0943F2006266A3 /* ScaleAnimationViewController.storyboard in Resources */,
				E0F5887A1F0943F2006266A3 /* CubeViewController.storyboard in Resources */,
				607FACDD1AFB9204008FA782 /* Images.xcassets in Resources */,
			);
			runOnlyForDeploymentPostprocessing = 0;
		};
		607FACE31AFB9204008FA782 /* Resources */ = {
			isa = PBXResourcesBuildPhase;
			buildActionMask = 2147483647;
			files = (
			);
			runOnlyForDeploymentPostprocessing = 0;
		};
/* End PBXResourcesBuildPhase section */

/* Begin PBXShellScriptBuildPhase section */
		28CA045CC1EC59C71A9D34DF /* [CP] Check Pods Manifest.lock */ = {
			isa = PBXShellScriptBuildPhase;
			buildActionMask = 2147483647;
			files = (
			);
			inputPaths = (
			);
			name = "[CP] Check Pods Manifest.lock";
			outputPaths = (
			);
			runOnlyForDeploymentPostprocessing = 0;
			shellPath = /bin/sh;
			shellScript = "diff \"${PODS_PODFILE_DIR_PATH}/Podfile.lock\" \"${PODS_ROOT}/Manifest.lock\" > /dev/null\nif [ $? != 0 ] ; then\n    # print error to STDERR\n    echo \"error: The sandbox is not in sync with the Podfile.lock. Run 'pod install' or update your CocoaPods installation.\" >&2\n    exit 1\nfi\n";
			showEnvVarsInLog = 0;
		};
		712176B1A6C30BC734868517 /* [CP] Copy Pods Resources */ = {
			isa = PBXShellScriptBuildPhase;
			buildActionMask = 2147483647;
			files = (
			);
			inputPaths = (
			);
			name = "[CP] Copy Pods Resources";
			outputPaths = (
			);
			runOnlyForDeploymentPostprocessing = 0;
			shellPath = /bin/sh;
			shellScript = "\"${SRCROOT}/Pods/Target Support Files/Pods-Gemini_Example/Pods-Gemini_Example-resources.sh\"\n";
			showEnvVarsInLog = 0;
		};
		922C5D12B31DFD2DA2DEC1D8 /* [CP] Embed Pods Frameworks */ = {
			isa = PBXShellScriptBuildPhase;
			buildActionMask = 2147483647;
			files = (
			);
			inputPaths = (
			);
			name = "[CP] Embed Pods Frameworks";
			outputPaths = (
			);
			runOnlyForDeploymentPostprocessing = 0;
			shellPath = /bin/sh;
			shellScript = "\"${SRCROOT}/Pods/Target Support Files/Pods-Gemini_Example/Pods-Gemini_Example-frameworks.sh\"\n";
			showEnvVarsInLog = 0;
		};
/* End PBXShellScriptBuildPhase section */

/* Begin PBXSourcesBuildPhase section */
		607FACCC1AFB9204008FA782 /* Sources */ = {
			isa = PBXSourcesBuildPhase;
			buildActionMask = 2147483647;
			files = (
				E0F588621F09437F006266A3 /* PlayerCollectionViewCell.swift in Sources */,
				E0F5887D1F0943F2006266A3 /* CustomAnimationViewController.swift in Sources */,
				E0F588791F0943F2006266A3 /* CircleRotationViewController.swift in Sources */,
				E0F588601F09437F006266A3 /* ImageCollectionViewCell.swift in Sources */,
				E0F588851F0943F2006266A3 /* YawRotationViewController.swift in Sources */,
				E0F588771F0943F2006266A3 /* AnimationListViewController.swift in Sources */,
				E0F5888A1F09445E006266A3 /* ResourceModel.swift in Sources */,
				607FACD61AFB9204008FA782 /* AppDelegate.swift in Sources */,
				E0F588811F0943F2006266A3 /* RollRotationViewController.swift in Sources */,
				E0F588641F09437F006266A3 /* PlayerView.swift in Sources */,
				E0F5887F1F0943F2006266A3 /* PitchRotationViewController.swift in Sources */,
				E0F588831F0943F2006266A3 /* ScaleAnimationViewController.swift in Sources */,
				E0F5887B1F0943F2006266A3 /* CubeViewController.swift in Sources */,
				E0F588871F094421006266A3 /* UICollectionViewPagingFlowLayout.swift in Sources */,
			);
			runOnlyForDeploymentPostprocessing = 0;
		};
		607FACE11AFB9204008FA782 /* Sources */ = {
			isa = PBXSourcesBuildPhase;
			buildActionMask = 2147483647;
			files = (
				607FACEC1AFB9204008FA782 /* Tests.swift in Sources */,
			);
			runOnlyForDeploymentPostprocessing = 0;
		};
/* End PBXSourcesBuildPhase section */

/* Begin PBXTargetDependency section */
		607FACE71AFB9204008FA782 /* PBXTargetDependency */ = {
			isa = PBXTargetDependency;
			target = 607FACCF1AFB9204008FA782 /* Gemini_Example */;
			targetProxy = 607FACE61AFB9204008FA782 /* PBXContainerItemProxy */;
		};
/* End PBXTargetDependency section */

/* Begin PBXVariantGroup section */
		607FACD91AFB9204008FA782 /* Main.storyboard */ = {
			isa = PBXVariantGroup;
			children = (
				607FACDA1AFB9204008FA782 /* Base */,
			);
			name = Main.storyboard;
			sourceTree = "<group>";
		};
		607FACDE1AFB9204008FA782 /* LaunchScreen.xib */ = {
			isa = PBXVariantGroup;
			children = (
				607FACDF1AFB9204008FA782 /* Base */,
			);
			name = LaunchScreen.xib;
			sourceTree = "<group>";
		};
/* End PBXVariantGroup section */

/* Begin XCBuildConfiguration section */
		607FACED1AFB9204008FA782 /* Debug */ = {
			isa = XCBuildConfiguration;
			buildSettings = {
				ALWAYS_SEARCH_USER_PATHS = NO;
				CLANG_CXX_LANGUAGE_STANDARD = "gnu++0x";
				CLANG_CXX_LIBRARY = "libc++";
				CLANG_ENABLE_MODULES = YES;
				CLANG_ENABLE_OBJC_ARC = YES;
				CLANG_WARN_BLOCK_CAPTURE_AUTORELEASING = YES;
				CLANG_WARN_BOOL_CONVERSION = YES;
				CLANG_WARN_COMMA = YES;
				CLANG_WARN_CONSTANT_CONVERSION = YES;
				CLANG_WARN_DIRECT_OBJC_ISA_USAGE = YES_ERROR;
				CLANG_WARN_EMPTY_BODY = YES;
				CLANG_WARN_ENUM_CONVERSION = YES;
				CLANG_WARN_INFINITE_RECURSION = YES;
				CLANG_WARN_INT_CONVERSION = YES;
				CLANG_WARN_NON_LITERAL_NULL_CONVERSION = YES;
				CLANG_WARN_OBJC_LITERAL_CONVERSION = YES;
				CLANG_WARN_OBJC_ROOT_CLASS = YES_ERROR;
				CLANG_WARN_RANGE_LOOP_ANALYSIS = YES;
				CLANG_WARN_STRICT_PROTOTYPES = YES;
				CLANG_WARN_SUSPICIOUS_MOVE = YES;
				CLANG_WARN_UNREACHABLE_CODE = YES;
				CLANG_WARN__DUPLICATE_METHOD_MATCH = YES;
				"CODE_SIGN_IDENTITY[sdk=iphoneos*]" = "iPhone Developer";
				COPY_PHASE_STRIP = NO;
				DEBUG_INFORMATION_FORMAT = "dwarf-with-dsym";
				ENABLE_STRICT_OBJC_MSGSEND = YES;
				ENABLE_TESTABILITY = YES;
				GCC_C_LANGUAGE_STANDARD = gnu99;
				GCC_DYNAMIC_NO_PIC = NO;
				GCC_NO_COMMON_BLOCKS = YES;
				GCC_OPTIMIZATION_LEVEL = 0;
				GCC_PREPROCESSOR_DEFINITIONS = (
					"DEBUG=1",
					"$(inherited)",
				);
				GCC_SYMBOLS_PRIVATE_EXTERN = NO;
				GCC_WARN_64_TO_32_BIT_CONVERSION = YES;
				GCC_WARN_ABOUT_RETURN_TYPE = YES_ERROR;
				GCC_WARN_UNDECLARED_SELECTOR = YES;
				GCC_WARN_UNINITIALIZED_AUTOS = YES_AGGRESSIVE;
				GCC_WARN_UNUSED_FUNCTION = YES;
				GCC_WARN_UNUSED_VARIABLE = YES;
				IPHONEOS_DEPLOYMENT_TARGET = 8.3;
				MTL_ENABLE_DEBUG_INFO = YES;
				ONLY_ACTIVE_ARCH = YES;
				SDKROOT = iphoneos;
				SWIFT_OPTIMIZATION_LEVEL = "-Onone";
			};
			name = Debug;
		};
		607FACEE1AFB9204008FA782 /* Release */ = {
			isa = XCBuildConfiguration;
			buildSettings = {
				ALWAYS_SEARCH_USER_PATHS = NO;
				CLANG_CXX_LANGUAGE_STANDARD = "gnu++0x";
				CLANG_CXX_LIBRARY = "libc++";
				CLANG_ENABLE_MODULES = YES;
				CLANG_ENABLE_OBJC_ARC = YES;
				CLANG_WARN_BLOCK_CAPTURE_AUTORELEASING = YES;
				CLANG_WARN_BOOL_CONVERSION = YES;
				CLANG_WARN_COMMA = YES;
				CLANG_WARN_CONSTANT_CONVERSION = YES;
				CLANG_WARN_DIRECT_OBJC_ISA_USAGE = YES_ERROR;
				CLANG_WARN_EMPTY_BODY = YES;
				CLANG_WARN_ENUM_CONVERSION = YES;
				CLANG_WARN_INFINITE_RECURSION = YES;
				CLANG_WARN_INT_CONVERSION = YES;
				CLANG_WARN_NON_LITERAL_NULL_CONVERSION = YES;
				CLANG_WARN_OBJC_LITERAL_CONVERSION = YES;
				CLANG_WARN_OBJC_ROOT_CLASS = YES_ERROR;
				CLANG_WARN_RANGE_LOOP_ANALYSIS = YES;
				CLANG_WARN_STRICT_PROTOTYPES = YES;
				CLANG_WARN_SUSPICIOUS_MOVE = YES;
				CLANG_WARN_UNREACHABLE_CODE = YES;
				CLANG_WARN__DUPLICATE_METHOD_MATCH = YES;
				"CODE_SIGN_IDENTITY[sdk=iphoneos*]" = "iPhone Developer";
				COPY_PHASE_STRIP = NO;
				DEBUG_INFORMATION_FORMAT = "dwarf-with-dsym";
				ENABLE_NS_ASSERTIONS = NO;
				ENABLE_STRICT_OBJC_MSGSEND = YES;
				GCC_C_LANGUAGE_STANDARD = gnu99;
				GCC_NO_COMMON_BLOCKS = YES;
				GCC_WARN_64_TO_32_BIT_CONVERSION = YES;
				GCC_WARN_ABOUT_RETURN_TYPE = YES_ERROR;
				GCC_WARN_UNDECLARED_SELECTOR = YES;
				GCC_WARN_UNINITIALIZED_AUTOS = YES_AGGRESSIVE;
				GCC_WARN_UNUSED_FUNCTION = YES;
				GCC_WARN_UNUSED_VARIABLE = YES;
				IPHONEOS_DEPLOYMENT_TARGET = 8.3;
				MTL_ENABLE_DEBUG_INFO = NO;
				SDKROOT = iphoneos;
				SWIFT_OPTIMIZATION_LEVEL = "-Owholemodule";
				VALIDATE_PRODUCT = YES;
			};
			name = Release;
		};
		607FACF01AFB9204008FA782 /* Debug */ = {
			isa = XCBuildConfiguration;
			baseConfigurationReference = B07118E391269AB9152C5314 /* Pods-Gemini_Example.debug.xcconfig */;
			buildSettings = {
				ASSETCATALOG_COMPILER_APPICON_NAME = AppIcon;
				DEVELOPMENT_TEAM = "";
				INFOPLIST_FILE = Gemini/Info.plist;
				LD_RUNPATH_SEARCH_PATHS = "$(inherited) @executable_path/Frameworks";
				MODULE_NAME = ExampleApp;
				PRODUCT_BUNDLE_IDENTIFIER = "org.cocoapods.demo.$(PRODUCT_NAME:rfc1034identifier)";
				PRODUCT_NAME = "$(TARGET_NAME)";
				SWIFT_SWIFT3_OBJC_INFERENCE = On;
				SWIFT_VERSION = 4.0;
			};
			name = Debug;
		};
		607FACF11AFB9204008FA782 /* Release */ = {
			isa = XCBuildConfiguration;
			baseConfigurationReference = C4918BBF4257A288EDE080AB /* Pods-Gemini_Example.release.xcconfig */;
			buildSettings = {
				ASSETCATALOG_COMPILER_APPICON_NAME = AppIcon;
				DEVELOPMENT_TEAM = "";
				INFOPLIST_FILE = Gemini/Info.plist;
				LD_RUNPATH_SEARCH_PATHS = "$(inherited) @executable_path/Frameworks";
				MODULE_NAME = ExampleApp;
				PRODUCT_BUNDLE_IDENTIFIER = "org.cocoapods.demo.$(PRODUCT_NAME:rfc1034identifier)";
				PRODUCT_NAME = "$(TARGET_NAME)";
				SWIFT_SWIFT3_OBJC_INFERENCE = On;
				SWIFT_VERSION = 4.0;
			};
			name = Release;
		};
		607FACF31AFB9204008FA782 /* Debug */ = {
			isa = XCBuildConfiguration;
			buildSettings = {
				"CODE_SIGN_IDENTITY[sdk=iphoneos*]" = "iPhone Developer";
				DEVELOPMENT_TEAM = "";
				FRAMEWORK_SEARCH_PATHS = (
					"$(SDKROOT)/Developer/Library/Frameworks",
					"$(inherited)",
				);
				GCC_PREPROCESSOR_DEFINITIONS = (
					"DEBUG=1",
					"$(inherited)",
				);
				INFOPLIST_FILE = Tests/Info.plist;
				LD_RUNPATH_SEARCH_PATHS = "$(inherited) @executable_path/Frameworks @loader_path/Frameworks";
				PRODUCT_BUNDLE_IDENTIFIER = "org.cocoapods.$(PRODUCT_NAME:rfc1034identifier)";
				PRODUCT_NAME = "$(TARGET_NAME)";
				PROVISIONING_PROFILE_SPECIFIER = "";
				SWIFT_SWIFT3_OBJC_INFERENCE = On;
				SWIFT_VERSION = 4.0;
			};
			name = Debug;
		};
		607FACF41AFB9204008FA782 /* Release */ = {
			isa = XCBuildConfiguration;
			buildSettings = {
				"CODE_SIGN_IDENTITY[sdk=iphoneos*]" = "iPhone Developer";
				DEVELOPMENT_TEAM = "";
				FRAMEWORK_SEARCH_PATHS = (
					"$(SDKROOT)/Developer/Library/Frameworks",
					"$(inherited)",
				);
				INFOPLIST_FILE = Tests/Info.plist;
				LD_RUNPATH_SEARCH_PATHS = "$(inherited) @executable_path/Frameworks @loader_path/Frameworks";
				PRODUCT_BUNDLE_IDENTIFIER = "org.cocoapods.$(PRODUCT_NAME:rfc1034identifier)";
				PRODUCT_NAME = "$(TARGET_NAME)";
				PROVISIONING_PROFILE_SPECIFIER = "";
				SWIFT_SWIFT3_OBJC_INFERENCE = On;
				SWIFT_VERSION = 4.0;
			};
			name = Release;
		};
/* End XCBuildConfiguration section */

/* Begin XCConfigurationList section */
		607FACCB1AFB9204008FA782 /* Build configuration list for PBXProject "Gemini" */ = {
			isa = XCConfigurationList;
			buildConfigurations = (
				607FACED1AFB9204008FA782 /* Debug */,
				607FACEE1AFB9204008FA782 /* Release */,
			);
			defaultConfigurationIsVisible = 0;
			defaultConfigurationName = Release;
		};
		607FACEF1AFB9204008FA782 /* Build configuration list for PBXNativeTarget "Gemini_Example" */ = {
			isa = XCConfigurationList;
			buildConfigurations = (
				607FACF01AFB9204008FA782 /* Debug */,
				607FACF11AFB9204008FA782 /* Release */,
			);
			defaultConfigurationIsVisible = 0;
			defaultConfigurationName = Release;
		};
		607FACF21AFB9204008FA782 /* Build configuration list for PBXNativeTarget "Gemini_Tests" */ = {
			isa = XCConfigurationList;
			buildConfigurations = (
				607FACF31AFB9204008FA782 /* Debug */,
				607FACF41AFB9204008FA782 /* Release */,
			);
			defaultConfigurationIsVisible = 0;
			defaultConfigurationName = Release;
		};
/* End XCConfigurationList section */
	};
	rootObject = 607FACC81AFB9204008FA782 /* Project object */;
}
